github.com/mjibson/go-dsp v0.0.0-20180508042940-11479a337f12/go.mod h1:i/KKcxEWEO8Yyl11DYafRPKOPVYTrhxiTRigjtEEXZU=
github.com/xthexder/go-jack v0.0.0-20220805234212-bc8604043aba/go.mod h1:T6DswVPJzBW/Xg64l/gohXVgSW81GwXyMws1fkqxlUg=
gonum.org/v1/gonum v0.16.0/go.mod h1:fef3am4MQ93R2HHpKnLk4/Tbh/s0+wqD5nfa6Pnwy4E=
